# generated by rye
# use `rye lock` or `rye sync` to update this lockfile
#
# last locked with the following flags:
#   pre: false
#   features: []
#   all-features: false
#   with-sources: false

-e file:.
annotated-types==0.7.0
    # via pydantic
antlr4-python3-runtime==4.9.3
    # via omegaconf
omegaconf==2.3.0
    # via omegaconf-usage
pydantic==2.8.2
    # via omegaconf-usage
pydantic-core==2.20.1
    # via pydantic
pyyaml==6.0.1
    # via omegaconf
typing-extensions==4.12.2
    # via pydantic
    # via pydantic-core
